// !$*UTF8*$!
{
	archiveVersion = 1;
	classes = {
	};
	objectVersion = 50;
	objects = {

/* Begin PBXBuildFile section */
		AB01B77824A789C000BE90C5 /* AnimationUIView.swift in Sources */ = {isa = PBXBuildFile; fileRef = AB01B77724A789C000BE90C5 /* AnimationUIView.swift */; };
		AB01B77A24A78BD800BE90C5 /* PulseAnimationUIView.swift in Sources */ = {isa = PBXBuildFile; fileRef = AB01B77924A78BD800BE90C5 /* PulseAnimationUIView.swift */; };
		AB18AFD423C467B200BA6E02 /* GuessTheFlagUIView.swift in Sources */ = {isa = PBXBuildFile; fileRef = AB18AFD323C467B200BA6E02 /* GuessTheFlagUIView.swift */; };
		AB21A6942451A845005D6EC8 /* CustomModifierUIVIew.swift in Sources */ = {isa = PBXBuildFile; fileRef = AB21A6932451A845005D6EC8 /* CustomModifierUIVIew.swift */; };
		AB21A6962451B158005D6EC8 /* WatermarkUIView.swift in Sources */ = {isa = PBXBuildFile; fileRef = AB21A6952451B158005D6EC8 /* WatermarkUIView.swift */; };
		AB21A6982451C6DE005D6EC8 /* CustomContainer.swift in Sources */ = {isa = PBXBuildFile; fileRef = AB21A6972451C6DE005D6EC8 /* CustomContainer.swift */; };
		AB3F255E245342580092DABA /* ListUIView.swift in Sources */ = {isa = PBXBuildFile; fileRef = AB3F255D245342580092DABA /* ListUIView.swift */; };
		AB4574AA23612986007D34DC /* AppDelegate.swift in Sources */ = {isa = PBXBuildFile; fileRef = AB4574A923612986007D34DC /* AppDelegate.swift */; };
		AB4574AC23612986007D34DC /* SceneDelegate.swift in Sources */ = {isa = PBXBuildFile; fileRef = AB4574AB23612986007D34DC /* SceneDelegate.swift */; };
		AB4574B023612987007D34DC /* Assets.xcassets in Resources */ = {isa = PBXBuildFile; fileRef = AB4574AF23612987007D34DC /* Assets.xcassets */; };
		AB4574B323612987007D34DC /* Preview Assets.xcassets in Resources */ = {isa = PBXBuildFile; fileRef = AB4574B223612987007D34DC /* Preview Assets.xcassets */; };
		AB4574B623612987007D34DC /* LaunchScreen.storyboard in Resources */ = {isa = PBXBuildFile; fileRef = AB4574B423612987007D34DC /* LaunchScreen.storyboard */; };
		AB49216223F966EC00359A11 /* PractiseUIView.swift in Sources */ = {isa = PBXBuildFile; fileRef = AB49216123F966EC00359A11 /* PractiseUIView.swift */; };
		AB625690246D4CD700F5929A /* WordScrambleUIView.swift in Sources */ = {isa = PBXBuildFile; fileRef = AB62568F246D4CD700F5929A /* WordScrambleUIView.swift */; };
		AB6C88A823C24111006F6BAC /* WeSplitUIView.swift in Sources */ = {isa = PBXBuildFile; fileRef = AB6C889723C24111006F6BAC /* WeSplitUIView.swift */; };
		AB6C88A923C24111006F6BAC /* MyListView.swift in Sources */ = {isa = PBXBuildFile; fileRef = AB6C889923C24111006F6BAC /* MyListView.swift */; };
		AB6C88AA23C24111006F6BAC /* User.swift in Sources */ = {isa = PBXBuildFile; fileRef = AB6C889A23C24111006F6BAC /* User.swift */; };
		AB6C88AB23C24111006F6BAC /* MyListCell.swift in Sources */ = {isa = PBXBuildFile; fileRef = AB6C889B23C24111006F6BAC /* MyListCell.swift */; };
		AB6C88AC23C24111006F6BAC /* MyUserDetail.swift in Sources */ = {isa = PBXBuildFile; fileRef = AB6C889C23C24111006F6BAC /* MyUserDetail.swift */; };
		AB6C88AD23C24111006F6BAC /* PlayButton.swift in Sources */ = {isa = PBXBuildFile; fileRef = AB6C889E23C24111006F6BAC /* PlayButton.swift */; };
		AB6C88AE23C24111006F6BAC /* PlayerView.swift in Sources */ = {isa = PBXBuildFile; fileRef = AB6C889F23C24111006F6BAC /* PlayerView.swift */; };
		AB6C88AF23C24111006F6BAC /* MyButtonsView.swift in Sources */ = {isa = PBXBuildFile; fileRef = AB6C88A123C24111006F6BAC /* MyButtonsView.swift */; };
		AB6C88B023C24111006F6BAC /* TextFieldUIView.swift in Sources */ = {isa = PBXBuildFile; fileRef = AB6C88A223C24111006F6BAC /* TextFieldUIView.swift */; };
		AB6C88B123C24111006F6BAC /* StateUIView.swift in Sources */ = {isa = PBXBuildFile; fileRef = AB6C88A323C24111006F6BAC /* StateUIView.swift */; };
		AB6C88B223C24111006F6BAC /* AlertsUIView.swift in Sources */ = {isa = PBXBuildFile; fileRef = AB6C88A423C24111006F6BAC /* AlertsUIView.swift */; };
		AB6C88B323C24111006F6BAC /* PickerUIView.swift in Sources */ = {isa = PBXBuildFile; fileRef = AB6C88A523C24111006F6BAC /* PickerUIView.swift */; };
		AB6C88B423C24111006F6BAC /* LoopingUIView.swift in Sources */ = {isa = PBXBuildFile; fileRef = AB6C88A623C24111006F6BAC /* LoopingUIView.swift */; };
		AB6C88B523C24111006F6BAC /* ContentView.swift in Sources */ = {isa = PBXBuildFile; fileRef = AB6C88A723C24111006F6BAC /* ContentView.swift */; };
		AB97C91A2492735700C212AC /* ViewBuilderUIView.swift in Sources */ = {isa = PBXBuildFile; fileRef = AB97C9192492735700C212AC /* ViewBuilderUIView.swift */; };
		ABD4921A2452D30D00E8A077 /* StepperUIView.swift in Sources */ = {isa = PBXBuildFile; fileRef = ABD492192452D30D00E8A077 /* StepperUIView.swift */; };
		ABD4921C2452D6EC00E8A077 /* DatePickerUIView.swift in Sources */ = {isa = PBXBuildFile; fileRef = ABD4921B2452D6EC00E8A077 /* DatePickerUIView.swift */; };
		ABD4921E2452DFAE00E8A077 /* BetterRestUIView.swift in Sources */ = {isa = PBXBuildFile; fileRef = ABD4921D2452DFAE00E8A077 /* BetterRestUIView.swift */; };
		ABDE48A12445C4D000F63541 /* CapsuleButtonUIExample.swift in Sources */ = {isa = PBXBuildFile; fileRef = ABDE48A02445C4D000F63541 /* CapsuleButtonUIExample.swift */; };
		ABDF72DB24AB886A00A3F7D8 /* ModalSheetView.swift in Sources */ = {isa = PBXBuildFile; fileRef = ABDF72DA24AB886A00A3F7D8 /* ModalSheetView.swift */; };
/* End PBXBuildFile section */

/* Begin PBXFileReference section */
		AB01B77724A789C000BE90C5 /* AnimationUIView.swift */ = {isa = PBXFileReference; lastKnownFileType = sourcecode.swift; path = AnimationUIView.swift; sourceTree = "<group>"; };
		AB01B77924A78BD800BE90C5 /* PulseAnimationUIView.swift */ = {isa = PBXFileReference; lastKnownFileType = sourcecode.swift; path = PulseAnimationUIView.swift; sourceTree = "<group>"; };
		AB18AFD323C467B200BA6E02 /* GuessTheFlagUIView.swift */ = {isa = PBXFileReference; lastKnownFileType = sourcecode.swift; path = GuessTheFlagUIView.swift; sourceTree = "<group>"; };
		AB21A6932451A845005D6EC8 /* CustomModifierUIVIew.swift */ = {isa = PBXFileReference; lastKnownFileType = sourcecode.swift; path = CustomModifierUIVIew.swift; sourceTree = "<group>"; };
		AB21A6952451B158005D6EC8 /* WatermarkUIView.swift */ = {isa = PBXFileReference; lastKnownFileType = sourcecode.swift; path = WatermarkUIView.swift; sourceTree = "<group>"; };
		AB21A6972451C6DE005D6EC8 /* CustomContainer.swift */ = {isa = PBXFileReference; lastKnownFileType = sourcecode.swift; path = CustomContainer.swift; sourceTree = "<group>"; };
		AB3F255D245342580092DABA /* ListUIView.swift */ = {isa = PBXFileReference; lastKnownFileType = sourcecode.swift; path = ListUIView.swift; sourceTree = "<group>"; };
		AB4574A623612986007D34DC /* 100DaysOfSwiftUI.app */ = {isa = PBXFileReference; explicitFileType = wrapper.application; includeInIndex = 0; path = 100DaysOfSwiftUI.app; sourceTree = BUILT_PRODUCTS_DIR; };
		AB4574A923612986007D34DC /* AppDelegate.swift */ = {isa = PBXFileReference; lastKnownFileType = sourcecode.swift; path = AppDelegate.swift; sourceTree = "<group>"; };
		AB4574AB23612986007D34DC /* SceneDelegate.swift */ = {isa = PBXFileReference; lastKnownFileType = sourcecode.swift; path = SceneDelegate.swift; sourceTree = "<group>"; };
		AB4574AF23612987007D34DC /* Assets.xcassets */ = {isa = PBXFileReference; lastKnownFileType = folder.assetcatalog; path = Assets.xcassets; sourceTree = "<group>"; };
		AB4574B223612987007D34DC /* Preview Assets.xcassets */ = {isa = PBXFileReference; lastKnownFileType = folder.assetcatalog; path = "Preview Assets.xcassets"; sourceTree = "<group>"; };
		AB4574B523612987007D34DC /* Base */ = {isa = PBXFileReference; lastKnownFileType = file.storyboard; name = Base; path = Base.lproj/LaunchScreen.storyboard; sourceTree = "<group>"; };
		AB4574B723612987007D34DC /* Info.plist */ = {isa = PBXFileReference; lastKnownFileType = text.plist.xml; path = Info.plist; sourceTree = "<group>"; };
		AB49216123F966EC00359A11 /* PractiseUIView.swift */ = {isa = PBXFileReference; lastKnownFileType = sourcecode.swift; path = PractiseUIView.swift; sourceTree = "<group>"; };
		AB62568F246D4CD700F5929A /* WordScrambleUIView.swift */ = {isa = PBXFileReference; lastKnownFileType = sourcecode.swift; path = WordScrambleUIView.swift; sourceTree = "<group>"; };
		AB6C889723C24111006F6BAC /* WeSplitUIView.swift */ = {isa = PBXFileReference; fileEncoding = 4; lastKnownFileType = sourcecode.swift; path = WeSplitUIView.swift; sourceTree = "<group>"; };
		AB6C889923C24111006F6BAC /* MyListView.swift */ = {isa = PBXFileReference; fileEncoding = 4; lastKnownFileType = sourcecode.swift; path = MyListView.swift; sourceTree = "<group>"; };
		AB6C889A23C24111006F6BAC /* User.swift */ = {isa = PBXFileReference; fileEncoding = 4; lastKnownFileType = sourcecode.swift; path = User.swift; sourceTree = "<group>"; };
		AB6C889B23C24111006F6BAC /* MyListCell.swift */ = {isa = PBXFileReference; fileEncoding = 4; lastKnownFileType = sourcecode.swift; path = MyListCell.swift; sourceTree = "<group>"; };
		AB6C889C23C24111006F6BAC /* MyUserDetail.swift */ = {isa = PBXFileReference; fileEncoding = 4; lastKnownFileType = sourcecode.swift; path = MyUserDetail.swift; sourceTree = "<group>"; };
		AB6C889E23C24111006F6BAC /* PlayButton.swift */ = {isa = PBXFileReference; fileEncoding = 4; lastKnownFileType = sourcecode.swift; path = PlayButton.swift; sourceTree = "<group>"; };
		AB6C889F23C24111006F6BAC /* PlayerView.swift */ = {isa = PBXFileReference; fileEncoding = 4; lastKnownFileType = sourcecode.swift; path = PlayerView.swift; sourceTree = "<group>"; };
		AB6C88A123C24111006F6BAC /* MyButtonsView.swift */ = {isa = PBXFileReference; fileEncoding = 4; lastKnownFileType = sourcecode.swift; path = MyButtonsView.swift; sourceTree = "<group>"; };
		AB6C88A223C24111006F6BAC /* TextFieldUIView.swift */ = {isa = PBXFileReference; fileEncoding = 4; lastKnownFileType = sourcecode.swift; path = TextFieldUIView.swift; sourceTree = "<group>"; };
		AB6C88A323C24111006F6BAC /* StateUIView.swift */ = {isa = PBXFileReference; fileEncoding = 4; lastKnownFileType = sourcecode.swift; path = StateUIView.swift; sourceTree = "<group>"; };
		AB6C88A423C24111006F6BAC /* AlertsUIView.swift */ = {isa = PBXFileReference; fileEncoding = 4; lastKnownFileType = sourcecode.swift; path = AlertsUIView.swift; sourceTree = "<group>"; };
		AB6C88A523C24111006F6BAC /* PickerUIView.swift */ = {isa = PBXFileReference; fileEncoding = 4; lastKnownFileType = sourcecode.swift; path = PickerUIView.swift; sourceTree = "<group>"; };
		AB6C88A623C24111006F6BAC /* LoopingUIView.swift */ = {isa = PBXFileReference; fileEncoding = 4; lastKnownFileType = sourcecode.swift; path = LoopingUIView.swift; sourceTree = "<group>"; };
		AB6C88A723C24111006F6BAC /* ContentView.swift */ = {isa = PBXFileReference; fileEncoding = 4; lastKnownFileType = sourcecode.swift; path = ContentView.swift; sourceTree = "<group>"; };
		AB97C9192492735700C212AC /* ViewBuilderUIView.swift */ = {isa = PBXFileReference; lastKnownFileType = sourcecode.swift; path = ViewBuilderUIView.swift; sourceTree = "<group>"; };
		ABD492192452D30D00E8A077 /* StepperUIView.swift */ = {isa = PBXFileReference; lastKnownFileType = sourcecode.swift; path = StepperUIView.swift; sourceTree = "<group>"; };
		ABD4921B2452D6EC00E8A077 /* DatePickerUIView.swift */ = {isa = PBXFileReference; lastKnownFileType = sourcecode.swift; path = DatePickerUIView.swift; sourceTree = "<group>"; };
		ABD4921D2452DFAE00E8A077 /* BetterRestUIView.swift */ = {isa = PBXFileReference; lastKnownFileType = sourcecode.swift; path = BetterRestUIView.swift; sourceTree = "<group>"; };
		ABDE48A02445C4D000F63541 /* CapsuleButtonUIExample.swift */ = {isa = PBXFileReference; lastKnownFileType = sourcecode.swift; path = CapsuleButtonUIExample.swift; sourceTree = "<group>"; };
		ABDF72DA24AB886A00A3F7D8 /* ModalSheetView.swift */ = {isa = PBXFileReference; lastKnownFileType = sourcecode.swift; path = ModalSheetView.swift; sourceTree = "<group>"; };
/* End PBXFileReference section */

/* Begin PBXFrameworksBuildPhase section */
		AB4574A323612986007D34DC /* Frameworks */ = {
			isa = PBXFrameworksBuildPhase;
			buildActionMask = 2147483647;
			files = (
			);
			runOnlyForDeploymentPostprocessing = 0;
		};
/* End PBXFrameworksBuildPhase section */

/* Begin PBXGroup section */
		AB3F255B245342290092DABA /* T25 */ = {
			isa = PBXGroup;
			children = (
				AB6C88A123C24111006F6BAC /* MyButtonsView.swift */,
				AB6C88A223C24111006F6BAC /* TextFieldUIView.swift */,
				AB6C88A323C24111006F6BAC /* StateUIView.swift */,
				AB6C88A423C24111006F6BAC /* AlertsUIView.swift */,
				AB6C88A523C24111006F6BAC /* PickerUIView.swift */,
				AB6C88A623C24111006F6BAC /* LoopingUIView.swift */,
				AB6C88A723C24111006F6BAC /* ContentView.swift */,
				AB49216123F966EC00359A11 /* PractiseUIView.swift */,
				ABDE48A02445C4D000F63541 /* CapsuleButtonUIExample.swift */,
				AB21A6932451A845005D6EC8 /* CustomModifierUIVIew.swift */,
				AB21A6952451B158005D6EC8 /* WatermarkUIView.swift */,
				AB21A6972451C6DE005D6EC8 /* CustomContainer.swift */,
				ABD492192452D30D00E8A077 /* StepperUIView.swift */,
				ABD4921B2452D6EC00E8A077 /* DatePickerUIView.swift */,
			);
			path = T25;
			sourceTree = "<group>";
		};
		AB3F255C2453424C0092DABA /* 26 */ = {
			isa = PBXGroup;
			children = (
				AB3F255D245342580092DABA /* ListUIView.swift */,
				AB01B77724A789C000BE90C5 /* AnimationUIView.swift */,
				AB01B77924A78BD800BE90C5 /* PulseAnimationUIView.swift */,
				ABDF72DA24AB886A00A3F7D8 /* ModalSheetView.swift */,
			);
			path = 26;
			sourceTree = "<group>";
		};
		AB45749D23612986007D34DC = {
			isa = PBXGroup;
			children = (
				AB4574A823612986007D34DC /* 100DaysOfSwiftUI */,
				AB4574A723612986007D34DC /* Products */,
			);
			sourceTree = "<group>";
		};
		AB4574A723612986007D34DC /* Products */ = {
			isa = PBXGroup;
			children = (
				AB4574A623612986007D34DC /* 100DaysOfSwiftUI.app */,
			);
			name = Products;
			sourceTree = "<group>";
		};
		AB4574A823612986007D34DC /* 100DaysOfSwiftUI */ = {
			isa = PBXGroup;
			children = (
				AB6C889623C24111006F6BAC /* AppUI Views */,
				AB6C88A023C24111006F6BAC /* SwiftUI Views */,
				AB4574A923612986007D34DC /* AppDelegate.swift */,
				AB4574AB23612986007D34DC /* SceneDelegate.swift */,
				AB4574AF23612987007D34DC /* Assets.xcassets */,
				AB4574B423612987007D34DC /* LaunchScreen.storyboard */,
				AB4574B723612987007D34DC /* Info.plist */,
				AB4574B123612987007D34DC /* Preview Content */,
			);
			path = 100DaysOfSwiftUI;
			sourceTree = "<group>";
		};
		AB4574B123612987007D34DC /* Preview Content */ = {
			isa = PBXGroup;
			children = (
				AB4574B223612987007D34DC /* Preview Assets.xcassets */,
			);
			path = "Preview Content";
			sourceTree = "<group>";
		};
		AB6C889623C24111006F6BAC /* AppUI Views */ = {
			isa = PBXGroup;
			children = (
				AB6C889723C24111006F6BAC /* WeSplitUIView.swift */,
				AB6C889823C24111006F6BAC /* User Listing */,
				AB6C889D23C24111006F6BAC /* Player View */,
				AB18AFD323C467B200BA6E02 /* GuessTheFlagUIView.swift */,
				ABD4921D2452DFAE00E8A077 /* BetterRestUIView.swift */,
				AB62568F246D4CD700F5929A /* WordScrambleUIView.swift */,
				AB97C9192492735700C212AC /* ViewBuilderUIView.swift */,
			);
			path = "AppUI Views";
			sourceTree = "<group>";
		};
		AB6C889823C24111006F6BAC /* User Listing */ = {
			isa = PBXGroup;
			children = (
				AB6C889923C24111006F6BAC /* MyListView.swift */,
				AB6C889A23C24111006F6BAC /* User.swift */,
				AB6C889B23C24111006F6BAC /* MyListCell.swift */,
				AB6C889C23C24111006F6BAC /* MyUserDetail.swift */,
			);
			path = "User Listing";
			sourceTree = "<group>";
		};
		AB6C889D23C24111006F6BAC /* Player View */ = {
			isa = PBXGroup;
			children = (
				AB6C889E23C24111006F6BAC /* PlayButton.swift */,
				AB6C889F23C24111006F6BAC /* PlayerView.swift */,
			);
			path = "Player View";
			sourceTree = "<group>";
		};
		AB6C88A023C24111006F6BAC /* SwiftUI Views */ = {
			isa = PBXGroup;
			children = (
				AB3F255C2453424C0092DABA /* 26 */,
				AB3F255B245342290092DABA /* T25 */,
			);
			path = "SwiftUI Views";
			sourceTree = "<group>";
		};
/* End PBXGroup section */

/* Begin PBXNativeTarget section */
		AB4574A523612986007D34DC /* 100DaysOfSwiftUI */ = {
			isa = PBXNativeTarget;
			buildConfigurationList = AB4574BA23612987007D34DC /* Build configuration list for PBXNativeTarget "100DaysOfSwiftUI" */;
			buildPhases = (
				AB4574A223612986007D34DC /* Sources */,
				AB4574A323612986007D34DC /* Frameworks */,
				AB4574A423612986007D34DC /* Resources */,
			);
			buildRules = (
			);
			dependencies = (
			);
			name = 100DaysOfSwiftUI;
			productName = 100DaysOfSwiftUI;
			productReference = AB4574A623612986007D34DC /* 100DaysOfSwiftUI.app */;
			productType = "com.apple.product-type.application";
		};
/* End PBXNativeTarget section */

/* Begin PBXProject section */
		AB45749E23612986007D34DC /* Project object */ = {
			isa = PBXProject;
			attributes = {
				LastSwiftUpdateCheck = 1110;
				LastUpgradeCheck = 1110;
				ORGANIZATIONNAME = Prateek;
				TargetAttributes = {
					AB4574A523612986007D34DC = {
						CreatedOnToolsVersion = 11.1;
					};
				};
			};
			buildConfigurationList = AB4574A123612986007D34DC /* Build configuration list for PBXProject "100DaysOfSwiftUI" */;
			compatibilityVersion = "Xcode 9.3";
			developmentRegion = en;
			hasScannedForEncodings = 0;
			knownRegions = (
				en,
				Base,
			);
			mainGroup = AB45749D23612986007D34DC;
			productRefGroup = AB4574A723612986007D34DC /* Products */;
			projectDirPath = "";
			projectRoot = "";
			targets = (
				AB4574A523612986007D34DC /* 100DaysOfSwiftUI */,
			);
		};
/* End PBXProject section */

/* Begin PBXResourcesBuildPhase section */
		AB4574A423612986007D34DC /* Resources */ = {
			isa = PBXResourcesBuildPhase;
			buildActionMask = 2147483647;
			files = (
				AB4574B623612987007D34DC /* LaunchScreen.storyboard in Resources */,
				AB4574B323612987007D34DC /* Preview Assets.xcassets in Resources */,
				AB4574B023612987007D34DC /* Assets.xcassets in Resources */,
			);
			runOnlyForDeploymentPostprocessing = 0;
		};
/* End PBXResourcesBuildPhase section */

/* Begin PBXSourcesBuildPhase section */
		AB4574A223612986007D34DC /* Sources */ = {
			isa = PBXSourcesBuildPhase;
			buildActionMask = 2147483647;
			files = (
				AB6C88AE23C24111006F6BAC /* PlayerView.swift in Sources */,
				AB18AFD423C467B200BA6E02 /* GuessTheFlagUIView.swift in Sources */,
				AB6C88AC23C24111006F6BAC /* MyUserDetail.swift in Sources */,
				AB01B77824A789C000BE90C5 /* AnimationUIView.swift in Sources */,
				AB6C88B523C24111006F6BAC /* ContentView.swift in Sources */,
				ABD4921E2452DFAE00E8A077 /* BetterRestUIView.swift in Sources */,
				AB97C91A2492735700C212AC /* ViewBuilderUIView.swift in Sources */,
				AB6C88A923C24111006F6BAC /* MyListView.swift in Sources */,
				AB49216223F966EC00359A11 /* PractiseUIView.swift in Sources */,
				ABD4921C2452D6EC00E8A077 /* DatePickerUIView.swift in Sources */,
				AB3F255E245342580092DABA /* ListUIView.swift in Sources */,
				AB4574AA23612986007D34DC /* AppDelegate.swift in Sources */,
				AB21A6962451B158005D6EC8 /* WatermarkUIView.swift in Sources */,
				AB01B77A24A78BD800BE90C5 /* PulseAnimationUIView.swift in Sources */,
				AB6C88AF23C24111006F6BAC /* MyButtonsView.swift in Sources */,
				AB6C88A823C24111006F6BAC /* WeSplitUIView.swift in Sources */,
				ABDF72DB24AB886A00A3F7D8 /* ModalSheetView.swift in Sources */,
				ABD4921A2452D30D00E8A077 /* StepperUIView.swift in Sources */,
				AB6C88AB23C24111006F6BAC /* MyListCell.swift in Sources */,
				AB6C88AD23C24111006F6BAC /* PlayButton.swift in Sources */,
				AB21A6982451C6DE005D6EC8 /* CustomContainer.swift in Sources */,
				ABDE48A12445C4D000F63541 /* CapsuleButtonUIExample.swift in Sources */,
				AB21A6942451A845005D6EC8 /* CustomModifierUIVIew.swift in Sources */,
				AB6C88B223C24111006F6BAC /* AlertsUIView.swift in Sources */,
				AB6C88AA23C24111006F6BAC /* User.swift in Sources */,
				AB6C88B323C24111006F6BAC /* PickerUIView.swift in Sources */,
				AB6C88B023C24111006F6BAC /* TextFieldUIView.swift in Sources */,
				AB6C88B123C24111006F6BAC /* StateUIView.swift in Sources */,
				AB4574AC23612986007D34DC /* SceneDelegate.swift in Sources */,
				AB625690246D4CD700F5929A /* WordScrambleUIView.swift in Sources */,
				AB6C88B423C24111006F6BAC /* LoopingUIView.swift in Sources */,
			);
			runOnlyForDeploymentPostprocessing = 0;
		};
/* End PBXSourcesBuildPhase section */

/* Begin PBXVariantGroup section */
		AB4574B423612987007D34DC /* LaunchScreen.storyboard */ = {
			isa = PBXVariantGroup;
			children = (
				AB4574B523612987007D34DC /* Base */,
			);
			name = LaunchScreen.storyboard;
			sourceTree = "<group>";
		};
/* End PBXVariantGroup section */

/* Begin XCBuildConfiguration section */
		AB4574B823612987007D34DC /* Debug */ = {
			isa = XCBuildConfiguration;
			buildSettings = {
				ALWAYS_SEARCH_USER_PATHS = NO;
				CLANG_ANALYZER_NONNULL = YES;
				CLANG_ANALYZER_NUMBER_OBJECT_CONVERSION = YES_AGGRESSIVE;
				CLANG_CXX_LANGUAGE_STANDARD = "gnu++14";
				CLANG_CXX_LIBRARY = "libc++";
				CLANG_ENABLE_MODULES = YES;
				CLANG_ENABLE_OBJC_ARC = YES;
				CLANG_ENABLE_OBJC_WEAK = YES;
				CLANG_WARN_BLOCK_CAPTURE_AUTORELEASING = YES;
				CLANG_WARN_BOOL_CONVERSION = YES;
				CLANG_WARN_COMMA = YES;
				CLANG_WARN_CONSTANT_CONVERSION = YES;
				CLANG_WARN_DEPRECATED_OBJC_IMPLEMENTATIONS = YES;
				CLANG_WARN_DIRECT_OBJC_ISA_USAGE = YES_ERROR;
				CLANG_WARN_DOCUMENTATION_COMMENTS = YES;
				CLANG_WARN_EMPTY_BODY = YES;
				CLANG_WARN_ENUM_CONVERSION = YES;
				CLANG_WARN_INFINITE_RECURSION = YES;
				CLANG_WARN_INT_CONVERSION = YES;
				CLANG_WARN_NON_LITERAL_NULL_CONVERSION = YES;
				CLANG_WARN_OBJC_IMPLICIT_RETAIN_SELF = YES;
				CLANG_WARN_OBJC_LITERAL_CONVERSION = YES;
				CLANG_WARN_OBJC_ROOT_CLASS = YES_ERROR;
				CLANG_WARN_RANGE_LOOP_ANALYSIS = YES;
				CLANG_WARN_STRICT_PROTOTYPES = YES;
				CLANG_WARN_SUSPICIOUS_MOVE = YES;
				CLANG_WARN_UNGUARDED_AVAILABILITY = YES_AGGRESSIVE;
				CLANG_WARN_UNREACHABLE_CODE = YES;
				CLANG_WARN__DUPLICATE_METHOD_MATCH = YES;
				COPY_PHASE_STRIP = NO;
				DEBUG_INFORMATION_FORMAT = dwarf;
				ENABLE_STRICT_OBJC_MSGSEND = YES;
				ENABLE_TESTABILITY = YES;
				GCC_C_LANGUAGE_STANDARD = gnu11;
				GCC_DYNAMIC_NO_PIC = NO;
				GCC_NO_COMMON_BLOCKS = YES;
				GCC_OPTIMIZATION_LEVEL = 0;
				GCC_PREPROCESSOR_DEFINITIONS = (
					"DEBUG=1",
					"$(inherited)",
				);
				GCC_WARN_64_TO_32_BIT_CONVERSION = YES;
				GCC_WARN_ABOUT_RETURN_TYPE = YES_ERROR;
				GCC_WARN_UNDECLARED_SELECTOR = YES;
				GCC_WARN_UNINITIALIZED_AUTOS = YES_AGGRESSIVE;
				GCC_WARN_UNUSED_FUNCTION = YES;
				GCC_WARN_UNUSED_VARIABLE = YES;
				IPHONEOS_DEPLOYMENT_TARGET = 13.1;
				MTL_ENABLE_DEBUG_INFO = INCLUDE_SOURCE;
				MTL_FAST_MATH = YES;
				ONLY_ACTIVE_ARCH = YES;
				SDKROOT = iphoneos;
				SWIFT_ACTIVE_COMPILATION_CONDITIONS = DEBUG;
				SWIFT_OPTIMIZATION_LEVEL = "-Onone";
			};
			name = Debug;
		};
		AB4574B923612987007D34DC /* Release */ = {
			isa = XCBuildConfiguration;
			buildSettings = {
				ALWAYS_SEARCH_USER_PATHS = NO;
				CLANG_ANALYZER_NONNULL = YES;
				CLANG_ANALYZER_NUMBER_OBJECT_CONVERSION = YES_AGGRESSIVE;
				CLANG_CXX_LANGUAGE_STANDARD = "gnu++14";
				CLANG_CXX_LIBRARY = "libc++";
				CLANG_ENABLE_MODULES = YES;
				CLANG_ENABLE_OBJC_ARC = YES;
				CLANG_ENABLE_OBJC_WEAK = YES;
				CLANG_WARN_BLOCK_CAPTURE_AUTORELEASING = YES;
				CLANG_WARN_BOOL_CONVERSION = YES;
				CLANG_WARN_COMMA = YES;
				CLANG_WARN_CONSTANT_CONVERSION = YES;
				CLANG_WARN_DEPRECATED_OBJC_IMPLEMENTATIONS = YES;
				CLANG_WARN_DIRECT_OBJC_ISA_USAGE = YES_ERROR;
				CLANG_WARN_DOCUMENTATION_COMMENTS = YES;
				CLANG_WARN_EMPTY_BODY = YES;
				CLANG_WARN_ENUM_CONVERSION = YES;
				CLANG_WARN_INFINITE_RECURSION = YES;
				CLANG_WARN_INT_CONVERSION = YES;
				CLANG_WARN_NON_LITERAL_NULL_CONVERSION = YES;
				CLANG_WARN_OBJC_IMPLICIT_RETAIN_SELF = YES;
				CLANG_WARN_OBJC_LITERAL_CONVERSION = YES;
				CLANG_WARN_OBJC_ROOT_CLASS = YES_ERROR;
				CLANG_WARN_RANGE_LOOP_ANALYSIS = YES;
				CLANG_WARN_STRICT_PROTOTYPES = YES;
				CLANG_WARN_SUSPICIOUS_MOVE = YES;
				CLANG_WARN_UNGUARDED_AVAILABILITY = YES_AGGRESSIVE;
				CLANG_WARN_UNREACHABLE_CODE = YES;
				CLANG_WARN__DUPLICATE_METHOD_MATCH = YES;
				COPY_PHASE_STRIP = NO;
				DEBUG_INFORMATION_FORMAT = "dwarf-with-dsym";
				ENABLE_NS_ASSERTIONS = NO;
				ENABLE_STRICT_OBJC_MSGSEND = YES;
				GCC_C_LANGUAGE_STANDARD = gnu11;
				GCC_NO_COMMON_BLOCKS = YES;
				GCC_WARN_64_TO_32_BIT_CONVERSION = YES;
				GCC_WARN_ABOUT_RETURN_TYPE = YES_ERROR;
				GCC_WARN_UNDECLARED_SELECTOR = YES;
				GCC_WARN_UNINITIALIZED_AUTOS = YES_AGGRESSIVE;
				GCC_WARN_UNUSED_FUNCTION = YES;
				GCC_WARN_UNUSED_VARIABLE = YES;
				IPHONEOS_DEPLOYMENT_TARGET = 13.1;
				MTL_ENABLE_DEBUG_INFO = NO;
				MTL_FAST_MATH = YES;
				SDKROOT = iphoneos;
				SWIFT_COMPILATION_MODE = wholemodule;
				SWIFT_OPTIMIZATION_LEVEL = "-O";
				VALIDATE_PRODUCT = YES;
			};
			name = Release;
		};
		AB4574BB23612987007D34DC /* Debug */ = {
			isa = XCBuildConfiguration;
			buildSettings = {
				ASSETCATALOG_COMPILER_APPICON_NAME = AppIcon;
				CODE_SIGN_STYLE = Automatic;
				DEVELOPMENT_ASSET_PATHS = "\"100DaysOfSwiftUI/Preview Content\"";
				ENABLE_PREVIEWS = YES;
				INFOPLIST_FILE = 100DaysOfSwiftUI/Info.plist;
				LD_RUNPATH_SEARCH_PATHS = (
					"$(inherited)",
					"@executable_path/Frameworks",
				);
				PRODUCT_BUNDLE_IDENTIFIER = "bingo.prat14k.demo.-00DaysOfSwiftUI";
				PRODUCT_NAME = "$(TARGET_NAME)";
				SWIFT_VERSION = 5.0;
				TARGETED_DEVICE_FAMILY = "1,2";
			};
			name = Debug;
		};
		AB4574BC23612987007D34DC /* Release */ = {
			isa = XCBuildConfiguration;
			buildSettings = {
				ASSETCATALOG_COMPILER_APPICON_NAME = AppIcon;
				CODE_SIGN_STYLE = Automatic;
				DEVELOPMENT_ASSET_PATHS = "\"100DaysOfSwiftUI/Preview Content\"";
				ENABLE_PREVIEWS = YES;
				INFOPLIST_FILE = 100DaysOfSwiftUI/Info.plist;
				LD_RUNPATH_SEARCH_PATHS = (
					"$(inherited)",
					"@executable_path/Frameworks",
				);
				PRODUCT_BUNDLE_IDENTIFIER = "bingo.prat14k.demo.-00DaysOfSwiftUI";
				PRODUCT_NAME = "$(TARGET_NAME)";
				SWIFT_VERSION = 5.0;
				TARGETED_DEVICE_FAMILY = "1,2";
			};
			name = Release;
		};
/* End XCBuildConfiguration section */

/* Begin XCConfigurationList section */
		AB4574A123612986007D34DC /* Build configuration list for PBXProject "100DaysOfSwiftUI" */ = {
			isa = XCConfigurationList;
			buildConfigurations = (
				AB4574B823612987007D34DC /* Debug */,
				AB4574B923612987007D34DC /* Release */,
			);
			defaultConfigurationIsVisible = 0;
			defaultConfigurationName = Release;
		};
		AB4574BA23612987007D34DC /* Build configuration list for PBXNativeTarget "100DaysOfSwiftUI" */ = {
			isa = XCConfigurationList;
			buildConfigurations = (
				AB4574BB23612987007D34DC /* Debug */,
				AB4574BC23612987007D34DC /* Release */,
			);
			defaultConfigurationIsVisible = 0;
			defaultConfigurationName = Release;
		};
/* End XCConfigurationList section */
	};
	rootObject = AB45749E23612986007D34DC /* Project object */;
}
